version: 1.0
shards:
  cadmium_language_detector:
    github: cadmiumcr/language_detector
    commit: 7dc0505f6c045291d51010dd559ba2eb6fc5e2c4

  db:
    github: crystal-lang/crystal-db
    version: 0.9.0

  rot26:
    github: watzon/rot26
    commit: d42b35af03e5041a239ada8e9196757897701fd2

  tourmaline:
    github: protoncr/tourmaline
    commit: 4eb69a6c94fd421085d08723db6105e57d7d631b

